
Microsoft Visual Studio Solution File, Format Version 12.00
# Visual Studio Version 17
VisualStudioVersion = 17.10.34916.146
MinimumVisualStudioVersion = 10.0.40219.1
Project("{FAE04EC0-301F-11D3-BF4B-00C04F79EFBC}") = "Cafe", "Cafe\Cafe.csproj", "{E0B26090-36DB-440D-A99B-41322A1CADC6}"
EndProject
Global
	GlobalSection(SolutionConfigurationPlatforms) = preSolution
		Debug|Any CPU = Debug|Any CPU
		Release|Any CPU = Release|Any CPU
	EndGlobalSection
	GlobalSection(ProjectConfigurationPlatforms) = postSolution
		{E0B26090-36DB-440D-A99B-41322A1CADC6}.Debug|Any CPU.ActiveCfg = Debug|Any CPU
		{E0B26090-36DB-440D-A99B-41322A1CADC6}.Debug|Any CPU.Build.0 = Debug|Any CPU
		{E0B26090-36DB-440D-A99B-41322A1CADC6}.Release|Any CPU.ActiveCfg = Release|Any CPU
		{E0B26090-36DB-440D-A99B-41322A1CADC6}.Release|Any CPU.Build.0 = Release|Any CPU
	EndGlobalSection
	GlobalSection(SolutionProperties) = preSolution
		HideSolutionNode = FALSE
	EndGlobalSection
	GlobalSection(ExtensibilityGlobals) = postSolution
		SolutionGuid = {31D0EC51-1123-43FA-AC45-5729A5E045EA}
	EndGlobalSection
EndGlobal
